
Microsoft Visual Studio Solution File, Format Version 12.00
# Visual Studio Version 16
VisualStudioVersion = 16.0.31112.23
MinimumVisualStudioVersion = 10.0.40219.1
Project("{9A19103F-16F7-4668-BE54-9A1E7A4F7556}") = "cs-sdk", "cs-sdk\cs-sdk.csproj", "{A135A2D9-A01B-460E-9593-7249B635FA8E}"
EndProject
Project("{FAE04EC0-301F-11D3-BF4B-00C04F79EFBC}") = "cs-sdk-tests", "cs-sdk-tests\cs-sdk-tests.csproj", "{E430DD6B-06C9-4453-B90A-69B6750AE516}"
EndProject
Project("{FAE04EC0-301F-11D3-BF4B-00C04F79EFBC}") = "BoringCodeWriting", "BoringCodeWriting\BoringCodeWriting.csproj", "{FC6C9503-7880-4319-ACF9-2035D80683C5}"
EndProject
Global
	GlobalSection(SolutionConfigurationPlatforms) = preSolution
		Debug|Any CPU = Debug|Any CPU
		Release|Any CPU = Release|Any CPU
	EndGlobalSection
	GlobalSection(ProjectConfigurationPlatforms) = postSolution
		{A135A2D9-A01B-460E-9593-7249B635FA8E}.Debug|Any CPU.ActiveCfg = Debug|Any CPU
		{A135A2D9-A01B-460E-9593-7249B635FA8E}.Debug|Any CPU.Build.0 = Debug|Any CPU
		{A135A2D9-A01B-460E-9593-7249B635FA8E}.Release|Any CPU.ActiveCfg = Release|Any CPU
		{A135A2D9-A01B-460E-9593-7249B635FA8E}.Release|Any CPU.Build.0 = Release|Any CPU
		{E430DD6B-06C9-4453-B90A-69B6750AE516}.Debug|Any CPU.ActiveCfg = Debug|Any CPU
		{E430DD6B-06C9-4453-B90A-69B6750AE516}.Debug|Any CPU.Build.0 = Debug|Any CPU
		{E430DD6B-06C9-4453-B90A-69B6750AE516}.Release|Any CPU.ActiveCfg = Release|Any CPU
		{E430DD6B-06C9-4453-B90A-69B6750AE516}.Release|Any CPU.Build.0 = Release|Any CPU
		{FC6C9503-7880-4319-ACF9-2035D80683C5}.Debug|Any CPU.ActiveCfg = Debug|Any CPU
		{FC6C9503-7880-4319-ACF9-2035D80683C5}.Debug|Any CPU.Build.0 = Debug|Any CPU
		{FC6C9503-7880-4319-ACF9-2035D80683C5}.Release|Any CPU.ActiveCfg = Release|Any CPU
		{FC6C9503-7880-4319-ACF9-2035D80683C5}.Release|Any CPU.Build.0 = Release|Any CPU
	EndGlobalSection
	GlobalSection(SolutionProperties) = preSolution
		HideSolutionNode = FALSE
	EndGlobalSection
	GlobalSection(ExtensibilityGlobals) = postSolution
		SolutionGuid = {C4C9CB67-B391-4BB2-84BB-D37F86730656}
	EndGlobalSection
EndGlobal
